
Microsoft Visual Studio Solution File, Format Version 12.00
# Visual Studio Version 17
VisualStudioVersion = 17.12.35209.166
MinimumVisualStudioVersion = 10.0.40219.1
Project("{FAE04EC0-301F-11D3-BF4B-00C04F79EFBC}") = "DSA", "DSA.csproj", "{9F786BCE-06E5-4A7E-B029-CDCE74F07C3C}"
EndProject
Global
	GlobalSection(SolutionConfigurationPlatforms) = preSolution
		Debug|Any CPU = Debug|Any CPU
		Release|Any CPU = Release|Any CPU
	EndGlobalSection
	GlobalSection(ProjectConfigurationPlatforms) = postSolution
		{9F786BCE-06E5-4A7E-B029-CDCE74F07C3C}.Debug|Any CPU.ActiveCfg = Debug|Any CPU
		{9F786BCE-06E5-4A7E-B029-CDCE74F07C3C}.Debug|Any CPU.Build.0 = Debug|Any CPU
		{9F786BCE-06E5-4A7E-B029-CDCE74F07C3C}.Release|Any CPU.ActiveCfg = Release|Any CPU
		{9F786BCE-06E5-4A7E-B029-CDCE74F07C3C}.Release|Any CPU.Build.0 = Release|Any CPU
	EndGlobalSection
	GlobalSection(SolutionProperties) = preSolution
		HideSolutionNode = FALSE
	EndGlobalSection
	GlobalSection(ExtensibilityGlobals) = postSolution
		SolutionGuid = {56D97E62-E595-4A63-9EFD-C168D414DBE0}
	EndGlobalSection
EndGlobal
